
Microsoft Visual Studio Solution File, Format Version 12.00
# Visual Studio Version 17
VisualStudioVersion = 17.6.33815.320
MinimumVisualStudioVersion = 10.0.40219.1
Project("{9A19103F-16F7-4668-BE54-9A1E7A4F7556}") = "BlazorMovies.Server", "BlazorMovies\Server\BlazorMovies.Server.csproj", "{92BFEE6E-7341-4B25-913A-D99198D77E71}"
EndProject
Project("{9A19103F-16F7-4668-BE54-9A1E7A4F7556}") = "BlazorMovies.Client", "BlazorMovies\Client\BlazorMovies.Client.csproj", "{1DAA7A2B-1D68-45C9-B074-4C3D6FBFCF54}"
EndProject
Project("{9A19103F-16F7-4668-BE54-9A1E7A4F7556}") = "BlazorMovies.Shared", "BlazorMovies\Shared\BlazorMovies.Shared.csproj", "{FA28F2AD-74F6-4570-9BDB-47D414CA29DE}"
EndProject
Global
	GlobalSection(SolutionConfigurationPlatforms) = preSolution
		Debug|Any CPU = Debug|Any CPU
		Release|Any CPU = Release|Any CPU
	EndGlobalSection
	GlobalSection(ProjectConfigurationPlatforms) = postSolution
		{92BFEE6E-7341-4B25-913A-D99198D77E71}.Debug|Any CPU.ActiveCfg = Debug|Any CPU
		{92BFEE6E-7341-4B25-913A-D99198D77E71}.Debug|Any CPU.Build.0 = Debug|Any CPU
		{92BFEE6E-7341-4B25-913A-D99198D77E71}.Release|Any CPU.ActiveCfg = Release|Any CPU
		{92BFEE6E-7341-4B25-913A-D99198D77E71}.Release|Any CPU.Build.0 = Release|Any CPU
		{1DAA7A2B-1D68-45C9-B074-4C3D6FBFCF54}.Debug|Any CPU.ActiveCfg = Debug|Any CPU
		{1DAA7A2B-1D68-45C9-B074-4C3D6FBFCF54}.Debug|Any CPU.Build.0 = Debug|Any CPU
		{1DAA7A2B-1D68-45C9-B074-4C3D6FBFCF54}.Release|Any CPU.ActiveCfg = Release|Any CPU
		{1DAA7A2B-1D68-45C9-B074-4C3D6FBFCF54}.Release|Any CPU.Build.0 = Release|Any CPU
		{FA28F2AD-74F6-4570-9BDB-47D414CA29DE}.Debug|Any CPU.ActiveCfg = Debug|Any CPU
		{FA28F2AD-74F6-4570-9BDB-47D414CA29DE}.Debug|Any CPU.Build.0 = Debug|Any CPU
		{FA28F2AD-74F6-4570-9BDB-47D414CA29DE}.Release|Any CPU.ActiveCfg = Release|Any CPU
		{FA28F2AD-74F6-4570-9BDB-47D414CA29DE}.Release|Any CPU.Build.0 = Release|Any CPU
	EndGlobalSection
	GlobalSection(SolutionProperties) = preSolution
		HideSolutionNode = FALSE
	EndGlobalSection
	GlobalSection(ExtensibilityGlobals) = postSolution
		SolutionGuid = {CCCCFE24-0975-4477-8ADE-BF153B33F20E}
	EndGlobalSection
EndGlobal
